// !$*UTF8*$!
{
	archiveVersion = 1;
	classes = {
	};
	objectVersion = 77;
	objects = {

/* Begin PBXBuildFile section */
		0A6573BFF32E52A5A9577AD4 /* LiveStakes.swift in Sources */ = {isa = PBXBuildFile; fileRef = 9CBE4020F558A4DB29D7A93F /* LiveStakes.swift */; };
		1212EFDA6E9CA21B82FBA394 /* LiveLaneContext.swift in Sources */ = {isa = PBXBuildFile; fileRef = 1FE55F106C5F267A14CB732E /* LiveLaneContext.swift */; };
		19F795C6CDC26AAD73091C71 /* ReviewView.swift in Sources */ = {isa = PBXBuildFile; fileRef = 1C402694017885D21C956CF0 /* ReviewView.swift */; };
		2D4B4EE47B862B0A40AAE868 /* BowlingGame.swift in Sources */ = {isa = PBXBuildFile; fileRef = EC8318D397A11F8FC7A8EB65 /* BowlingGame.swift */; };
		30FC21369A61A02A2EC6A518 /* StrikeCeilingApp.swift in Sources */ = {isa = PBXBuildFile; fileRef = F6B33F7EF1FD008BC8E6191A /* StrikeCeilingApp.swift */; };
		348FD5B11283E8BF90B7A9B1 /* LeagueView.swift in Sources */ = {isa = PBXBuildFile; fileRef = 5FF0ECC12F4A119D99AFFC69 /* LeagueView.swift */; };
		3641594612B63853B8F7C85D /* MatchInsightsView.swift in Sources */ = {isa = PBXBuildFile; fileRef = EE8FBC563B1D088E580EEC17 /* MatchInsightsView.swift */; };
		48B9113A6D80EC7ACA9DC506 /* Assets.xcassets in Resources */ = {isa = PBXBuildFile; fileRef = 9D59FD0C883D0D1A492D7B16 /* Assets.xcassets */; };
		4A058540C83DA00358EA083D /* DeviceArchiveView.swift in Sources */ = {isa = PBXBuildFile; fileRef = 2805C0AEAC8D2A46898B1467 /* DeviceArchiveView.swift */; };
		4BED72B1BF9A43A311308097 /* AppRootView.swift in Sources */ = {isa = PBXBuildFile; fileRef = 3CF060769FA1850A56AA9E5E /* AppRootView.swift */; };
		4C4BB6F6CA8D5B7C3FBCC547 /* VoiceEntryView.swift in Sources */ = {isa = PBXBuildFile; fileRef = 3288926755D1F7D450F5D50C /* VoiceEntryView.swift */; };
		4FE1835D1327378CE3C5A928 /* PrivacyInfo.xcprivacy in Resources */ = {isa = PBXBuildFile; fileRef = 21D9127AD2739D1BC5EBFE54 /* PrivacyInfo.xcprivacy */; };
		516B56B5FFCA45366CF6B06E /* NativeFixtureSession.swift in Sources */ = {isa = PBXBuildFile; fileRef = 69E2A7AEB2D6266455A12E57 /* NativeFixtureSession.swift */; };
		5A36A4912B2B31CD8C5C0F5A /* LiveKit in Frameworks */ = {isa = PBXBuildFile; productRef = 6BE4FBC8F645FDBF83B0643A /* LiveKit */; };
		7038B4845AB2389993FAD02B /* LiveStudioModel.swift in Sources */ = {isa = PBXBuildFile; fileRef = 0E8F283AAF7FA512828397E7 /* LiveStudioModel.swift */; };
		77B212B28D4A9281800EE124 /* PrivatePracticeLibrary.swift in Sources */ = {isa = PBXBuildFile; fileRef = 0F5D0D61394BB6C2991D558C /* PrivatePracticeLibrary.swift */; };
		79590E859127D3584B2D384F /* LiveStudioView.swift in Sources */ = {isa = PBXBuildFile; fileRef = 33317230F0C8F32E83D33014 /* LiveStudioView.swift */; };
		7BC92F989B23B3E2601FB735 /* PrivatePracticeRecorder.swift in Sources */ = {isa = PBXBuildFile; fileRef = 1569AEC6609F530B13CED30E /* PrivatePracticeRecorder.swift */; };
		9701721564F6F85C28233F93 /* LiveLaneCamera.swift in Sources */ = {isa = PBXBuildFile; fileRef = 6A394B777B30A778A4DF712C /* LiveLaneCamera.swift */; };
		A062733459C68F876C45787D /* LaneReplayWriter.swift in Sources */ = {isa = PBXBuildFile; fileRef = 3C225AC459DC2E3038EB3F36 /* LaneReplayWriter.swift */; };
		A119658D0DF390EEE83AB434 /* LaneReplayView.swift in Sources */ = {isa = PBXBuildFile; fileRef = 1BEB9043241AD479309D34A9 /* LaneReplayView.swift */; };
		AD0894893F885BF5FBC901CF /* BA4LBrandMark.swift in Sources */ = {isa = PBXBuildFile; fileRef = 2505DFFE18B4FF08A3BC432F /* BA4LBrandMark.swift */; };
		B445FC795CFC34EF8DB4B3D1 /* TonightView.swift in Sources */ = {isa = PBXBuildFile; fileRef = 8CE683751CC347C2EC6E22B6 /* TonightView.swift */; };
		BF0B72A4A238461A2E5CD90B /* WeekGameView.swift in Sources */ = {isa = PBXBuildFile; fileRef = 67D72ACB8DDDDBA61E155DFE /* WeekGameView.swift */; };
		C07A6C8158D770C89D842D3C /* SharedLiveLaneView.swift in Sources */ = {isa = PBXBuildFile; fileRef = D2F3DED4DE0B56F3FF6D8B86 /* SharedLiveLaneView.swift */; };
		C141769DCF585FB5DCB83E35 /* ReviewDraftStorage.swift in Sources */ = {isa = PBXBuildFile; fileRef = 7ED8500D4884814BFC5420E1 /* ReviewDraftStorage.swift */; };
		CAE9C9F34EEF05DBAB294F8D /* AccountSession.swift in Sources */ = {isa = PBXBuildFile; fileRef = 8791C06DCCCBE23B5207885F /* AccountSession.swift */; };
		CD5925D8BDBCEB51A1AA2967 /* SeasonView.swift in Sources */ = {isa = PBXBuildFile; fileRef = 7D0EF0F16C07849CD496B575 /* SeasonView.swift */; };
		DF1192B136E1FFB2590D38AD /* MatchSetupView.swift in Sources */ = {isa = PBXBuildFile; fileRef = 12B3AA69798C69544A9A071C /* MatchSetupView.swift */; };
		E05A71BFAFBD9C5E02442ECB /* LiveLaneView.swift in Sources */ = {isa = PBXBuildFile; fileRef = 40786667734A398A8A4388D6 /* LiveLaneView.swift */; };
		E4302FA1816B37ACF941E63B /* TeamAccessView.swift in Sources */ = {isa = PBXBuildFile; fileRef = 885C48085CB9E77974D1662D /* TeamAccessView.swift */; };
		E9A7A709AEA735D2999E8938 /* PrivatePracticeView.swift in Sources */ = {isa = PBXBuildFile; fileRef = D0D1EC5A57D7329DF8F0046A /* PrivatePracticeView.swift */; };
		F1E0B1ABBB90B10890BCD0C5 /* VoiceRoll.swift in Sources */ = {isa = PBXBuildFile; fileRef = 11EC059B3D0B54FD92BD7320 /* VoiceRoll.swift */; };
		F36065580D9D48C599D7A24E /* ScoreboardScan.swift in Sources */ = {isa = PBXBuildFile; fileRef = 4950602E37FA9B9887F22AD9 /* ScoreboardScan.swift */; };
/* End PBXBuildFile section */

/* Begin PBXFileReference section */
		0E8F283AAF7FA512828397E7 /* LiveStudioModel.swift */ = {isa = PBXFileReference; lastKnownFileType = sourcecode.swift; path = LiveStudioModel.swift; sourceTree = "<group>"; };
		0F5D0D61394BB6C2991D558C /* PrivatePracticeLibrary.swift */ = {isa = PBXFileReference; lastKnownFileType = sourcecode.swift; path = PrivatePracticeLibrary.swift; sourceTree = "<group>"; };
		11EC059B3D0B54FD92BD7320 /* VoiceRoll.swift */ = {isa = PBXFileReference; lastKnownFileType = sourcecode.swift; path = VoiceRoll.swift; sourceTree = "<group>"; };
		12B3AA69798C69544A9A071C /* MatchSetupView.swift */ = {isa = PBXFileReference; lastKnownFileType = sourcecode.swift; path = MatchSetupView.swift; sourceTree = "<group>"; };
		135628B3BBFAE1BAF388C103 /* Auth.xcconfig */ = {isa = PBXFileReference; lastKnownFileType = text.xcconfig; path = Auth.xcconfig; sourceTree = "<group>"; };
		1569AEC6609F530B13CED30E /* PrivatePracticeRecorder.swift */ = {isa = PBXFileReference; lastKnownFileType = sourcecode.swift; path = PrivatePracticeRecorder.swift; sourceTree = "<group>"; };
		1BEB9043241AD479309D34A9 /* LaneReplayView.swift */ = {isa = PBXFileReference; lastKnownFileType = sourcecode.swift; path = LaneReplayView.swift; sourceTree = "<group>"; };
		1C402694017885D21C956CF0 /* ReviewView.swift */ = {isa = PBXFileReference; lastKnownFileType = sourcecode.swift; path = ReviewView.swift; sourceTree = "<group>"; };
		1FE55F106C5F267A14CB732E /* LiveLaneContext.swift */ = {isa = PBXFileReference; lastKnownFileType = sourcecode.swift; path = LiveLaneContext.swift; sourceTree = "<group>"; };
		21D9127AD2739D1BC5EBFE54 /* PrivacyInfo.xcprivacy */ = {isa = PBXFileReference; path = PrivacyInfo.xcprivacy; sourceTree = "<group>"; };
		2505DFFE18B4FF08A3BC432F /* BA4LBrandMark.swift */ = {isa = PBXFileReference; lastKnownFileType = sourcecode.swift; path = BA4LBrandMark.swift; sourceTree = "<group>"; };
		2805C0AEAC8D2A46898B1467 /* DeviceArchiveView.swift */ = {isa = PBXFileReference; lastKnownFileType = sourcecode.swift; path = DeviceArchiveView.swift; sourceTree = "<group>"; };
		3288926755D1F7D450F5D50C /* VoiceEntryView.swift */ = {isa = PBXFileReference; lastKnownFileType = sourcecode.swift; path = VoiceEntryView.swift; sourceTree = "<group>"; };
		33317230F0C8F32E83D33014 /* LiveStudioView.swift */ = {isa = PBXFileReference; lastKnownFileType = sourcecode.swift; path = LiveStudioView.swift; sourceTree = "<group>"; };
		3C225AC459DC2E3038EB3F36 /* LaneReplayWriter.swift */ = {isa = PBXFileReference; lastKnownFileType = sourcecode.swift; path = LaneReplayWriter.swift; sourceTree = "<group>"; };
		3CF060769FA1850A56AA9E5E /* AppRootView.swift */ = {isa = PBXFileReference; lastKnownFileType = sourcecode.swift; path = AppRootView.swift; sourceTree = "<group>"; };
		40786667734A398A8A4388D6 /* LiveLaneView.swift */ = {isa = PBXFileReference; lastKnownFileType = sourcecode.swift; path = LiveLaneView.swift; sourceTree = "<group>"; };
		4950602E37FA9B9887F22AD9 /* ScoreboardScan.swift */ = {isa = PBXFileReference; lastKnownFileType = sourcecode.swift; path = ScoreboardScan.swift; sourceTree = "<group>"; };
		5FF0ECC12F4A119D99AFFC69 /* LeagueView.swift */ = {isa = PBXFileReference; lastKnownFileType = sourcecode.swift; path = LeagueView.swift; sourceTree = "<group>"; };
		67D72ACB8DDDDBA61E155DFE /* WeekGameView.swift */ = {isa = PBXFileReference; lastKnownFileType = sourcecode.swift; path = WeekGameView.swift; sourceTree = "<group>"; };
		69E2A7AEB2D6266455A12E57 /* NativeFixtureSession.swift */ = {isa = PBXFileReference; lastKnownFileType = sourcecode.swift; path = NativeFixtureSession.swift; sourceTree = "<group>"; };
		6A394B777B30A778A4DF712C /* LiveLaneCamera.swift */ = {isa = PBXFileReference; lastKnownFileType = sourcecode.swift; path = LiveLaneCamera.swift; sourceTree = "<group>"; };
		7D0EF0F16C07849CD496B575 /* SeasonView.swift */ = {isa = PBXFileReference; lastKnownFileType = sourcecode.swift; path = SeasonView.swift; sourceTree = "<group>"; };
		7ED8500D4884814BFC5420E1 /* ReviewDraftStorage.swift */ = {isa = PBXFileReference; lastKnownFileType = sourcecode.swift; path = ReviewDraftStorage.swift; sourceTree = "<group>"; };
		8791C06DCCCBE23B5207885F /* AccountSession.swift */ = {isa = PBXFileReference; lastKnownFileType = sourcecode.swift; path = AccountSession.swift; sourceTree = "<group>"; };
		885C48085CB9E77974D1662D /* TeamAccessView.swift */ = {isa = PBXFileReference; lastKnownFileType = sourcecode.swift; path = TeamAccessView.swift; sourceTree = "<group>"; };
		8CE683751CC347C2EC6E22B6 /* TonightView.swift */ = {isa = PBXFileReference; lastKnownFileType = sourcecode.swift; path = TonightView.swift; sourceTree = "<group>"; };
		989053A7A8B4FDC93729C522 /* BA4L.app */ = {isa = PBXFileReference; includeInIndex = 0; lastKnownFileType = wrapper.application; path = BA4L.app; sourceTree = BUILT_PRODUCTS_DIR; };
		9CBE4020F558A4DB29D7A93F /* LiveStakes.swift */ = {isa = PBXFileReference; lastKnownFileType = sourcecode.swift; path = LiveStakes.swift; sourceTree = "<group>"; };
		9D59FD0C883D0D1A492D7B16 /* Assets.xcassets */ = {isa = PBXFileReference; lastKnownFileType = folder.assetcatalog; path = Assets.xcassets; sourceTree = "<group>"; };
		D0D1EC5A57D7329DF8F0046A /* PrivatePracticeView.swift */ = {isa = PBXFileReference; lastKnownFileType = sourcecode.swift; path = PrivatePracticeView.swift; sourceTree = "<group>"; };
		D2F3DED4DE0B56F3FF6D8B86 /* SharedLiveLaneView.swift */ = {isa = PBXFileReference; lastKnownFileType = sourcecode.swift; path = SharedLiveLaneView.swift; sourceTree = "<group>"; };
		EC8318D397A11F8FC7A8EB65 /* BowlingGame.swift */ = {isa = PBXFileReference; lastKnownFileType = sourcecode.swift; path = BowlingGame.swift; sourceTree = "<group>"; };
		EE8FBC563B1D088E580EEC17 /* MatchInsightsView.swift */ = {isa = PBXFileReference; lastKnownFileType = sourcecode.swift; path = MatchInsightsView.swift; sourceTree = "<group>"; };
		F6B33F7EF1FD008BC8E6191A /* StrikeCeilingApp.swift */ = {isa = PBXFileReference; lastKnownFileType = sourcecode.swift; path = StrikeCeilingApp.swift; sourceTree = "<group>"; };
/* End PBXFileReference section */

/* Begin PBXFrameworksBuildPhase section */
		B9032C6B51C230F48917B766 /* Frameworks */ = {
			isa = PBXFrameworksBuildPhase;
			buildActionMask = 2147483647;
			files = (
				5A36A4912B2B31CD8C5C0F5A /* LiveKit in Frameworks */,
			);
			runOnlyForDeploymentPostprocessing = 0;
		};
/* End PBXFrameworksBuildPhase section */

/* Begin PBXGroup section */
		2B19E23A300FFF6C53E605FA /* Resources */ = {
			isa = PBXGroup;
			children = (
				9D59FD0C883D0D1A492D7B16 /* Assets.xcassets */,
				21D9127AD2739D1BC5EBFE54 /* PrivacyInfo.xcprivacy */,
			);
			path = Resources;
			sourceTree = "<group>";
		};
		9419FF954E7237E913D9ED87 /* Sources */ = {
			isa = PBXGroup;
			children = (
				8791C06DCCCBE23B5207885F /* AccountSession.swift */,
				3CF060769FA1850A56AA9E5E /* AppRootView.swift */,
				2505DFFE18B4FF08A3BC432F /* BA4LBrandMark.swift */,
				EC8318D397A11F8FC7A8EB65 /* BowlingGame.swift */,
				2805C0AEAC8D2A46898B1467 /* DeviceArchiveView.swift */,
				1BEB9043241AD479309D34A9 /* LaneReplayView.swift */,
				3C225AC459DC2E3038EB3F36 /* LaneReplayWriter.swift */,
				5FF0ECC12F4A119D99AFFC69 /* LeagueView.swift */,
				6A394B777B30A778A4DF712C /* LiveLaneCamera.swift */,
				1FE55F106C5F267A14CB732E /* LiveLaneContext.swift */,
				40786667734A398A8A4388D6 /* LiveLaneView.swift */,
				9CBE4020F558A4DB29D7A93F /* LiveStakes.swift */,
				0E8F283AAF7FA512828397E7 /* LiveStudioModel.swift */,
				33317230F0C8F32E83D33014 /* LiveStudioView.swift */,
				EE8FBC563B1D088E580EEC17 /* MatchInsightsView.swift */,
				12B3AA69798C69544A9A071C /* MatchSetupView.swift */,
				69E2A7AEB2D6266455A12E57 /* NativeFixtureSession.swift */,
				0F5D0D61394BB6C2991D558C /* PrivatePracticeLibrary.swift */,
				1569AEC6609F530B13CED30E /* PrivatePracticeRecorder.swift */,
				D0D1EC5A57D7329DF8F0046A /* PrivatePracticeView.swift */,
				7ED8500D4884814BFC5420E1 /* ReviewDraftStorage.swift */,
				1C402694017885D21C956CF0 /* ReviewView.swift */,
				4950602E37FA9B9887F22AD9 /* ScoreboardScan.swift */,
				7D0EF0F16C07849CD496B575 /* SeasonView.swift */,
				D2F3DED4DE0B56F3FF6D8B86 /* SharedLiveLaneView.swift */,
				F6B33F7EF1FD008BC8E6191A /* StrikeCeilingApp.swift */,
				885C48085CB9E77974D1662D /* TeamAccessView.swift */,
				8CE683751CC347C2EC6E22B6 /* TonightView.swift */,
				3288926755D1F7D450F5D50C /* VoiceEntryView.swift */,
				11EC059B3D0B54FD92BD7320 /* VoiceRoll.swift */,
				67D72ACB8DDDDBA61E155DFE /* WeekGameView.swift */,
			);
			path = Sources;
			sourceTree = "<group>";
		};
		CAFCB90B5421336DDA9E43E8 /* Config */ = {
			isa = PBXGroup;
			children = (
				135628B3BBFAE1BAF388C103 /* Auth.xcconfig */,
			);
			path = Config;
			sourceTree = "<group>";
		};
		D9B6259F78F11346C8215D11 /* Products */ = {
			isa = PBXGroup;
			children = (
				989053A7A8B4FDC93729C522 /* BA4L.app */,
			);
			name = Products;
			sourceTree = "<group>";
		};
		E01CC4E5C6F96774AACB91D4 = {
			isa = PBXGroup;
			children = (
				CAFCB90B5421336DDA9E43E8 /* Config */,
				2B19E23A300FFF6C53E605FA /* Resources */,
				9419FF954E7237E913D9ED87 /* Sources */,
				D9B6259F78F11346C8215D11 /* Products */,
			);
			sourceTree = "<group>";
		};
/* End PBXGroup section */

/* Begin PBXNativeTarget section */
		37B9A1272612E686C7C1AF07 /* BA4L */ = {
			isa = PBXNativeTarget;
			buildConfigurationList = 91FB30D6240604F0A36B6606 /* Build configuration list for PBXNativeTarget "BA4L" */;
			buildPhases = (
				228033E82DDB0ABF04D3D689 /* Sources */,
				76FAAD49165876CFE9643B63 /* Resources */,
				B9032C6B51C230F48917B766 /* Frameworks */,
			);
			buildRules = (
			);
			dependencies = (
			);
			name = BA4L;
			packageProductDependencies = (
				6BE4FBC8F645FDBF83B0643A /* LiveKit */,
			);
			productName = BA4L;
			productReference = 989053A7A8B4FDC93729C522 /* BA4L.app */;
			productType = "com.apple.product-type.application";
		};
/* End PBXNativeTarget section */

/* Begin PBXProject section */
		9D49459091F58DAB51692FE2 /* Project object */ = {
			isa = PBXProject;
			attributes = {
				BuildIndependentTargetsInParallel = YES;
				LastUpgradeCheck = 1430;
				TargetAttributes = {
					37B9A1272612E686C7C1AF07 = {
						DevelopmentTeam = FM45AMFBNY;
						ProvisioningStyle = Automatic;
					};
				};
			};
			buildConfigurationList = 8A78F30AA7EA025F05461F66 /* Build configuration list for PBXProject "BA4L" */;
			developmentRegion = en;
			hasScannedForEncodings = 0;
			knownRegions = (
				Base,
				en,
			);
			mainGroup = E01CC4E5C6F96774AACB91D4;
			minimizedProjectReferenceProxies = 1;
			packageReferences = (
				94D2DAE67472B2F242038AA4 /* XCRemoteSwiftPackageReference "client-sdk-swift" */,
			);
			preferredProjectObjectVersion = 77;
			productRefGroup = D9B6259F78F11346C8215D11 /* Products */;
			projectDirPath = "";
			projectRoot = "";
			targets = (
				37B9A1272612E686C7C1AF07 /* BA4L */,
			);
		};
/* End PBXProject section */

/* Begin PBXResourcesBuildPhase section */
		76FAAD49165876CFE9643B63 /* Resources */ = {
			isa = PBXResourcesBuildPhase;
			buildActionMask = 2147483647;
			files = (
				48B9113A6D80EC7ACA9DC506 /* Assets.xcassets in Resources */,
				4FE1835D1327378CE3C5A928 /* PrivacyInfo.xcprivacy in Resources */,
			);
			runOnlyForDeploymentPostprocessing = 0;
		};
/* End PBXResourcesBuildPhase section */

/* Begin PBXSourcesBuildPhase section */
		228033E82DDB0ABF04D3D689 /* Sources */ = {
			isa = PBXSourcesBuildPhase;
			buildActionMask = 2147483647;
			files = (
				CAE9C9F34EEF05DBAB294F8D /* AccountSession.swift in Sources */,
				4BED72B1BF9A43A311308097 /* AppRootView.swift in Sources */,
				AD0894893F885BF5FBC901CF /* BA4LBrandMark.swift in Sources */,
				2D4B4EE47B862B0A40AAE868 /* BowlingGame.swift in Sources */,
				4A058540C83DA00358EA083D /* DeviceArchiveView.swift in Sources */,
				A119658D0DF390EEE83AB434 /* LaneReplayView.swift in Sources */,
				A062733459C68F876C45787D /* LaneReplayWriter.swift in Sources */,
				348FD5B11283E8BF90B7A9B1 /* LeagueView.swift in Sources */,
				9701721564F6F85C28233F93 /* LiveLaneCamera.swift in Sources */,
				1212EFDA6E9CA21B82FBA394 /* LiveLaneContext.swift in Sources */,
				E05A71BFAFBD9C5E02442ECB /* LiveLaneView.swift in Sources */,
				0A6573BFF32E52A5A9577AD4 /* LiveStakes.swift in Sources */,
				7038B4845AB2389993FAD02B /* LiveStudioModel.swift in Sources */,
				79590E859127D3584B2D384F /* LiveStudioView.swift in Sources */,
				3641594612B63853B8F7C85D /* MatchInsightsView.swift in Sources */,
				DF1192B136E1FFB2590D38AD /* MatchSetupView.swift in Sources */,
				516B56B5FFCA45366CF6B06E /* NativeFixtureSession.swift in Sources */,
				77B212B28D4A9281800EE124 /* PrivatePracticeLibrary.swift in Sources */,
				7BC92F989B23B3E2601FB735 /* PrivatePracticeRecorder.swift in Sources */,
				E9A7A709AEA735D2999E8938 /* PrivatePracticeView.swift in Sources */,
				C141769DCF585FB5DCB83E35 /* ReviewDraftStorage.swift in Sources */,
				19F795C6CDC26AAD73091C71 /* ReviewView.swift in Sources */,
				F36065580D9D48C599D7A24E /* ScoreboardScan.swift in Sources */,
				CD5925D8BDBCEB51A1AA2967 /* SeasonView.swift in Sources */,
				C07A6C8158D770C89D842D3C /* SharedLiveLaneView.swift in Sources */,
				30FC21369A61A02A2EC6A518 /* StrikeCeilingApp.swift in Sources */,
				E4302FA1816B37ACF941E63B /* TeamAccessView.swift in Sources */,
				B445FC795CFC34EF8DB4B3D1 /* TonightView.swift in Sources */,
				4C4BB6F6CA8D5B7C3FBCC547 /* VoiceEntryView.swift in Sources */,
				F1E0B1ABBB90B10890BCD0C5 /* VoiceRoll.swift in Sources */,
				BF0B72A4A238461A2E5CD90B /* WeekGameView.swift in Sources */,
			);
			runOnlyForDeploymentPostprocessing = 0;
		};
/* End PBXSourcesBuildPhase section */

/* Begin XCBuildConfiguration section */
		08D8A66035A0D42E4EA4D2BD /* Debug */ = {
			isa = XCBuildConfiguration;
			buildSettings = {
				ALWAYS_SEARCH_USER_PATHS = NO;
				CLANG_ANALYZER_NONNULL = YES;
				CLANG_ANALYZER_NUMBER_OBJECT_CONVERSION = YES_AGGRESSIVE;
				CLANG_CXX_LANGUAGE_STANDARD = "gnu++14";
				CLANG_CXX_LIBRARY = "libc++";
				CLANG_ENABLE_MODULES = YES;
				CLANG_ENABLE_OBJC_ARC = YES;
				CLANG_ENABLE_OBJC_WEAK = YES;
				CLANG_WARN_BLOCK_CAPTURE_AUTORELEASING = YES;
				CLANG_WARN_BOOL_CONVERSION = YES;
				CLANG_WARN_COMMA = YES;
				CLANG_WARN_CONSTANT_CONVERSION = YES;
				CLANG_WARN_DEPRECATED_OBJC_IMPLEMENTATIONS = YES;
				CLANG_WARN_DIRECT_OBJC_ISA_USAGE = YES_ERROR;
				CLANG_WARN_DOCUMENTATION_COMMENTS = YES;
				CLANG_WARN_EMPTY_BODY = YES;
				CLANG_WARN_ENUM_CONVERSION = YES;
				CLANG_WARN_INFINITE_RECURSION = YES;
				CLANG_WARN_INT_CONVERSION = YES;
				CLANG_WARN_NON_LITERAL_NULL_CONVERSION = YES;
				CLANG_WARN_OBJC_IMPLICIT_RETAIN_SELF = YES;
				CLANG_WARN_OBJC_LITERAL_CONVERSION = YES;
				CLANG_WARN_OBJC_ROOT_CLASS = YES_ERROR;
				CLANG_WARN_QUOTED_INCLUDE_IN_FRAMEWORK_HEADER = YES;
				CLANG_WARN_RANGE_LOOP_ANALYSIS = YES;
				CLANG_WARN_STRICT_PROTOTYPES = YES;
				CLANG_WARN_SUSPICIOUS_MOVE = YES;
				CLANG_WARN_UNGUARDED_AVAILABILITY = YES_AGGRESSIVE;
				CLANG_WARN_UNREACHABLE_CODE = YES;
				CLANG_WARN__DUPLICATE_METHOD_MATCH = YES;
				CODE_SIGN_STYLE = Automatic;
				COPY_PHASE_STRIP = NO;
				CURRENT_PROJECT_VERSION = 14;
				DEBUG_INFORMATION_FORMAT = dwarf;
				DEVELOPMENT_TEAM = FM45AMFBNY;
				ENABLE_STRICT_OBJC_MSGSEND = YES;
				ENABLE_TESTABILITY = YES;
				GCC_C_LANGUAGE_STANDARD = gnu11;
				GCC_DYNAMIC_NO_PIC = NO;
				GCC_NO_COMMON_BLOCKS = YES;
				GCC_OPTIMIZATION_LEVEL = 0;
				GCC_PREPROCESSOR_DEFINITIONS = (
					"$(inherited)",
					"DEBUG=1",
				);
				GCC_WARN_64_TO_32_BIT_CONVERSION = YES;
				GCC_WARN_ABOUT_RETURN_TYPE = YES_ERROR;
				GCC_WARN_UNDECLARED_SELECTOR = YES;
				GCC_WARN_UNINITIALIZED_AUTOS = YES_AGGRESSIVE;
				GCC_WARN_UNUSED_FUNCTION = YES;
				GCC_WARN_UNUSED_VARIABLE = YES;
				IPHONEOS_DEPLOYMENT_TARGET = 17.0;
				MARKETING_VERSION = 1.0;
				MTL_ENABLE_DEBUG_INFO = INCLUDE_SOURCE;
				MTL_FAST_MATH = YES;
				ONLY_ACTIVE_ARCH = YES;
				PRODUCT_NAME = "$(TARGET_NAME)";
				SDKROOT = iphoneos;
				SWIFT_ACTIVE_COMPILATION_CONDITIONS = DEBUG;
				SWIFT_OPTIMIZATION_LEVEL = "-Onone";
				SWIFT_VERSION = 5.0;
			};
			name = Debug;
		};
		38F4C159BF0FFC88BD5019E6 /* Release */ = {
			isa = XCBuildConfiguration;
			baseConfigurationReference = 135628B3BBFAE1BAF388C103 /* Auth.xcconfig */;
			buildSettings = {
				ASSETCATALOG_COMPILER_APPICON_NAME = AppIcon;
				CODE_SIGN_IDENTITY = "iPhone Developer";
				GENERATE_INFOPLIST_FILE = YES;
				INFOPLIST_FILE = Resources/Info.plist;
				INFOPLIST_KEY_CFBundleDisplayName = BA4L;
				INFOPLIST_KEY_ITSAppUsesNonExemptEncryption = NO;
				INFOPLIST_KEY_UIApplicationSceneManifest_Generation = YES;
				INFOPLIST_KEY_UILaunchScreen_Generation = YES;
				LD_RUNPATH_SEARCH_PATHS = (
					"$(inherited)",
					"@executable_path/Frameworks",
				);
				PRODUCT_BUNDLE_IDENTIFIER = com.dougkvamme.StrikeCeiling;
				PRODUCT_NAME = BA4L;
				SDKROOT = iphoneos;
				TARGETED_DEVICE_FAMILY = "1,2";
			};
			name = Release;
		};
		4360C3FE18E18CA6B21D3B17 /* Release */ = {
			isa = XCBuildConfiguration;
			buildSettings = {
				ALWAYS_SEARCH_USER_PATHS = NO;
				CLANG_ANALYZER_NONNULL = YES;
				CLANG_ANALYZER_NUMBER_OBJECT_CONVERSION = YES_AGGRESSIVE;
				CLANG_CXX_LANGUAGE_STANDARD = "gnu++14";
				CLANG_CXX_LIBRARY = "libc++";
				CLANG_ENABLE_MODULES = YES;
				CLANG_ENABLE_OBJC_ARC = YES;
				CLANG_ENABLE_OBJC_WEAK = YES;
				CLANG_WARN_BLOCK_CAPTURE_AUTORELEASING = YES;
				CLANG_WARN_BOOL_CONVERSION = YES;
				CLANG_WARN_COMMA = YES;
				CLANG_WARN_CONSTANT_CONVERSION = YES;
				CLANG_WARN_DEPRECATED_OBJC_IMPLEMENTATIONS = YES;
				CLANG_WARN_DIRECT_OBJC_ISA_USAGE = YES_ERROR;
				CLANG_WARN_DOCUMENTATION_COMMENTS = YES;
				CLANG_WARN_EMPTY_BODY = YES;
				CLANG_WARN_ENUM_CONVERSION = YES;
				CLANG_WARN_INFINITE_RECURSION = YES;
				CLANG_WARN_INT_CONVERSION = YES;
				CLANG_WARN_NON_LITERAL_NULL_CONVERSION = YES;
				CLANG_WARN_OBJC_IMPLICIT_RETAIN_SELF = YES;
				CLANG_WARN_OBJC_LITERAL_CONVERSION = YES;
				CLANG_WARN_OBJC_ROOT_CLASS = YES_ERROR;
				CLANG_WARN_QUOTED_INCLUDE_IN_FRAMEWORK_HEADER = YES;
				CLANG_WARN_RANGE_LOOP_ANALYSIS = YES;
				CLANG_WARN_STRICT_PROTOTYPES = YES;
				CLANG_WARN_SUSPICIOUS_MOVE = YES;
				CLANG_WARN_UNGUARDED_AVAILABILITY = YES_AGGRESSIVE;
				CLANG_WARN_UNREACHABLE_CODE = YES;
				CLANG_WARN__DUPLICATE_METHOD_MATCH = YES;
				CODE_SIGN_STYLE = Automatic;
				COPY_PHASE_STRIP = NO;
				CURRENT_PROJECT_VERSION = 14;
				DEBUG_INFORMATION_FORMAT = "dwarf-with-dsym";
				DEVELOPMENT_TEAM = FM45AMFBNY;
				ENABLE_NS_ASSERTIONS = NO;
				ENABLE_STRICT_OBJC_MSGSEND = YES;
				GCC_C_LANGUAGE_STANDARD = gnu11;
				GCC_NO_COMMON_BLOCKS = YES;
				GCC_WARN_64_TO_32_BIT_CONVERSION = YES;
				GCC_WARN_ABOUT_RETURN_TYPE = YES_ERROR;
				GCC_WARN_UNDECLARED_SELECTOR = YES;
				GCC_WARN_UNINITIALIZED_AUTOS = YES_AGGRESSIVE;
				GCC_WARN_UNUSED_FUNCTION = YES;
				GCC_WARN_UNUSED_VARIABLE = YES;
				IPHONEOS_DEPLOYMENT_TARGET = 17.0;
				MARKETING_VERSION = 1.0;
				MTL_ENABLE_DEBUG_INFO = NO;
				MTL_FAST_MATH = YES;
				PRODUCT_NAME = "$(TARGET_NAME)";
				SDKROOT = iphoneos;
				SWIFT_COMPILATION_MODE = wholemodule;
				SWIFT_OPTIMIZATION_LEVEL = "-O";
				SWIFT_VERSION = 5.0;
			};
			name = Release;
		};
		8D7E4689B8A655BA4E3E68A0 /* Debug */ = {
			isa = XCBuildConfiguration;
			baseConfigurationReference = 135628B3BBFAE1BAF388C103 /* Auth.xcconfig */;
			buildSettings = {
				ASSETCATALOG_COMPILER_APPICON_NAME = AppIcon;
				CODE_SIGN_IDENTITY = "iPhone Developer";
				GENERATE_INFOPLIST_FILE = YES;
				INFOPLIST_FILE = Resources/Info.plist;
				INFOPLIST_KEY_CFBundleDisplayName = BA4L;
				INFOPLIST_KEY_ITSAppUsesNonExemptEncryption = NO;
				INFOPLIST_KEY_UIApplicationSceneManifest_Generation = YES;
				INFOPLIST_KEY_UILaunchScreen_Generation = YES;
				LD_RUNPATH_SEARCH_PATHS = (
					"$(inherited)",
					"@executable_path/Frameworks",
				);
				PRODUCT_BUNDLE_IDENTIFIER = com.dougkvamme.StrikeCeiling;
				PRODUCT_NAME = BA4L;
				SDKROOT = iphoneos;
				TARGETED_DEVICE_FAMILY = "1,2";
			};
			name = Debug;
		};
/* End XCBuildConfiguration section */

/* Begin XCConfigurationList section */
		8A78F30AA7EA025F05461F66 /* Build configuration list for PBXProject "BA4L" */ = {
			isa = XCConfigurationList;
			buildConfigurations = (
				08D8A66035A0D42E4EA4D2BD /* Debug */,
				4360C3FE18E18CA6B21D3B17 /* Release */,
			);
			defaultConfigurationIsVisible = 0;
			defaultConfigurationName = Debug;
		};
		91FB30D6240604F0A36B6606 /* Build configuration list for PBXNativeTarget "BA4L" */ = {
			isa = XCConfigurationList;
			buildConfigurations = (
				8D7E4689B8A655BA4E3E68A0 /* Debug */,
				38F4C159BF0FFC88BD5019E6 /* Release */,
			);
			defaultConfigurationIsVisible = 0;
			defaultConfigurationName = Debug;
		};
/* End XCConfigurationList section */

/* Begin XCRemoteSwiftPackageReference section */
		94D2DAE67472B2F242038AA4 /* XCRemoteSwiftPackageReference "client-sdk-swift" */ = {
			isa = XCRemoteSwiftPackageReference;
			repositoryURL = "https://github.com/livekit/client-sdk-swift.git";
			requirement = {
				kind = upToNextMajorVersion;
				minimumVersion = 2.16.0;
			};
		};
/* End XCRemoteSwiftPackageReference section */

/* Begin XCSwiftPackageProductDependency section */
		6BE4FBC8F645FDBF83B0643A /* LiveKit */ = {
			isa = XCSwiftPackageProductDependency;
			package = 94D2DAE67472B2F242038AA4 /* XCRemoteSwiftPackageReference "client-sdk-swift" */;
			productName = LiveKit;
		};
/* End XCSwiftPackageProductDependency section */
	};
	rootObject = 9D49459091F58DAB51692FE2 /* Project object */;
}
